// !$*UTF8*$!
{
	archiveVersion = 1;
	classes = {
	};
	objectVersion = 44;
	objects = {

/* Begin PBXBuildFile section */
		1DDD582C0DA1D0D100B32029 /* MyDocument.xib in Resources */ = {isa = PBXBuildFile; fileRef = 1DDD58280DA1D0D100B32029 /* MyDocument.xib */; };
		1DDD582D0DA1D0D100B32029 /* MainMenu.xib in Resources */ = {isa = PBXBuildFile; fileRef = 1DDD582A0DA1D0D100B32029 /* MainMenu.xib */; };
		8D15AC2C0486D014006FF6A4 /* Credits.rtf in Resources */ = {isa = PBXBuildFile; fileRef = 2A37F4B9FDCFA73011CA2CEA /* Credits.rtf */; };
		8D15AC2F0486D014006FF6A4 /* InfoPlist.strings in Resources */ = {isa = PBXBuildFile; fileRef = 089C165FFE840EACC02AAC07 /* InfoPlist.strings */; };
		8D15AC310486D014006FF6A4 /* MyDocument.m in Sources */ = {isa = PBXBuildFile; fileRef = 2A37F4ACFDCFA73011CA2CEA /* MyDocument.m */; settings = {ATTRIBUTES = (); }; };
		8D15AC340486D014006FF6A4 /* Cocoa.framework in Frameworks */ = {isa = PBXBuildFile; fileRef = 1058C7A7FEA54F5311CA2CBB /* Cocoa.framework */; };
		921442380DD61C6800A19EAF /* IRCChannelMessage.m in Sources */ = {isa = PBXBuildFile; fileRef = 921442370DD61C6800A19EAF /* IRCChannelMessage.m */; };
		9214424E0DD6274C00A19EAF /* RegexKit.framework in Frameworks */ = {isa = PBXBuildFile; fileRef = 9214424D0DD6274C00A19EAF /* RegexKit.framework */; };
		921442530DD6277000A19EAF /* RegexKit.framework in CopyFiles */ = {isa = PBXBuildFile; fileRef = 9214424D0DD6274C00A19EAF /* RegexKit.framework */; };
		921535F30DE1EBC50051B01A /* RegexKitDebug.m in Sources */ = {isa = PBXBuildFile; fileRef = 921535F20DE1EBC50051B01A /* RegexKitDebug.m */; };
		921536040DE1F0C40051B01A /* RegexKitDebug.xib in Resources */ = {isa = PBXBuildFile; fileRef = 921536030DE1F0C40051B01A /* RegexKitDebug.xib */; };
		9215360B0DE1F5920051B01A /* IRCServerDebug.m in Sources */ = {isa = PBXBuildFile; fileRef = 9215360A0DE1F5920051B01A /* IRCServerDebug.m */; };
		921536520DE1FCCF0051B01A /* IRCServerDebug.xib in Resources */ = {isa = PBXBuildFile; fileRef = 921536510DE1FCCF0051B01A /* IRCServerDebug.xib */; };
		921536AE0DE213840051B01A /* IRCUserDebug.m in Sources */ = {isa = PBXBuildFile; fileRef = 921536AD0DE213840051B01A /* IRCUserDebug.m */; };
		921536C90DE217DB0051B01A /* IRCUserDebug.xib in Resources */ = {isa = PBXBuildFile; fileRef = 921536C80DE217DB0051B01A /* IRCUserDebug.xib */; };
		922430890DD1EBE2005FF883 /* IRCUserMode.m in Sources */ = {isa = PBXBuildFile; fileRef = 9224306D0DD1E912005FF883 /* IRCUserMode.m */; };
		922430D00DD1F732005FF883 /* green.tiff in Resources */ = {isa = PBXBuildFile; fileRef = 922430CE0DD1F732005FF883 /* green.tiff */; };
		922430D10DD1F732005FF883 /* red.tiff in Resources */ = {isa = PBXBuildFile; fileRef = 922430CF0DD1F732005FF883 /* red.tiff */; };
		922430FD0DD1FD8A005FF883 /* yellow.tiff in Resources */ = {isa = PBXBuildFile; fileRef = 922430FC0DD1FD8A005FF883 /* yellow.tiff */; };
		9267053A0DCF31C800E5D085 /* IRCUser.m in Sources */ = {isa = PBXBuildFile; fileRef = 926705390DCF31C800E5D085 /* IRCUser.m */; };
		926AAC280DD9E83B00E1794E /* ScreenSaver.framework in Frameworks */ = {isa = PBXBuildFile; fileRef = 926AAC270DD9E83B00E1794E /* ScreenSaver.framework */; };
		92911F290DD71DBA009C2C16 /* IRCMeUser.m in Sources */ = {isa = PBXBuildFile; fileRef = 92911F280DD71DBA009C2C16 /* IRCMeUser.m */; };
		9294743E0DCC63EC0022A391 /* WebKit.framework in Frameworks */ = {isa = PBXBuildFile; fileRef = 9294743D0DCC63EC0022A391 /* WebKit.framework */; };
		9296F5E50DE046CB008F323E /* main.m in Sources */ = {isa = PBXBuildFile; fileRef = 9296F5E40DE046CB008F323E /* main.m */; };
		9298CC560DD841D700023EBE /* DebugWindow.xib in Resources */ = {isa = PBXBuildFile; fileRef = 9298CC550DD841D700023EBE /* DebugWindow.xib */; };
		9298CC5B0DD8459600023EBE /* DebugWindow.m in Sources */ = {isa = PBXBuildFile; fileRef = 9298CC5A0DD8459600023EBE /* DebugWindow.m */; };
		9298CC990DD85BD500023EBE /* IRCProtocol.m in Sources */ = {isa = PBXBuildFile; fileRef = 9298CC980DD85BD500023EBE /* IRCProtocol.m */; };
		929F80120DE1BD1100263396 /* InternetRelayChat.m in Sources */ = {isa = PBXBuildFile; fileRef = 929F80110DE1BD1100263396 /* InternetRelayChat.m */; };
		929F80970DE1C10400263396 /* SS_PrefsController.m in Sources */ = {isa = PBXBuildFile; fileRef = 929F80960DE1C10400263396 /* SS_PrefsController.m */; };
		929F809E0DE1C36900263396 /* Preferences.m in Sources */ = {isa = PBXBuildFile; fileRef = 929F809D0DE1C36900263396 /* Preferences.m */; };
		929F80A40DE1C46C00263396 /* PreferenceGeneral.m in Sources */ = {isa = PBXBuildFile; fileRef = 929F80A30DE1C46C00263396 /* PreferenceGeneral.m */; };
		929F80AB0DE1C52800263396 /* PreferenceGeneral.xib in Resources */ = {isa = PBXBuildFile; fileRef = 929F80AA0DE1C52800263396 /* PreferenceGeneral.xib */; };
		92FD87520DCC78610024661C /* MessageViewController.m in Sources */ = {isa = PBXBuildFile; fileRef = 92FD87510DCC78610024661C /* MessageViewController.m */; };
		92FD87630DCC7CAF0024661C /* MessageTemplate.html in Resources */ = {isa = PBXBuildFile; fileRef = 92FD87620DCC7CAF0024661C /* MessageTemplate.html */; };
		AA05E0B50DB785660018FBCC /* IRCServer.m in Sources */ = {isa = PBXBuildFile; fileRef = AA05E0B40DB785660018FBCC /* IRCServer.m */; };
		AA05E1BB0DB7DED80018FBCC /* IRCChannel.m in Sources */ = {isa = PBXBuildFile; fileRef = AA05E1BA0DB7DED80018FBCC /* IRCChannel.m */; };
		AA3CC4990DCB117B002D70DC /* ChannelView.xib in Resources */ = {isa = PBXBuildFile; fileRef = AA3CC4980DCB117B002D70DC /* ChannelView.xib */; };
		AA3CC49E0DCB1465002D70DC /* ChannelView.m in Sources */ = {isa = PBXBuildFile; fileRef = AA3CC49D0DCB1465002D70DC /* ChannelView.m */; };
/* End PBXBuildFile section */

/* Begin PBXCopyFilesBuildPhase section */
		921442580DD6277A00A19EAF /* CopyFiles */ = {
			isa = PBXCopyFilesBuildPhase;
			buildActionMask = 2147483647;
			dstPath = "";
			dstSubfolderSpec = 10;
			files = (
				921442530DD6277000A19EAF /* RegexKit.framework in CopyFiles */,
			);
			runOnlyForDeploymentPostprocessing = 0;
		};
/* End PBXCopyFilesBuildPhase section */

/* Begin PBXFileReference section */
		089C1660FE840EACC02AAC07 /* English */ = {isa = PBXFileReference; fileEncoding = 10; lastKnownFileType = text.plist.strings; name = English; path = English.lproj/InfoPlist.strings; sourceTree = "<group>"; };
		1058C7A7FEA54F5311CA2CBB /* Cocoa.framework */ = {isa = PBXFileReference; lastKnownFileType = wrapper.framework; name = Cocoa.framework; path = /System/Library/Frameworks/Cocoa.framework; sourceTree = "<absolute>"; };
		13E42FBA07B3F13500E4EEF1 /* CoreData.framework */ = {isa = PBXFileReference; lastKnownFileType = wrapper.framework; name = CoreData.framework; path = /System/Library/Frameworks/CoreData.framework; sourceTree = "<absolute>"; };
		1DDD58290DA1D0D100B32029 /* English */ = {isa = PBXFileReference; lastKnownFileType = file.xib; name = English; path = English.lproj/MyDocument.xib; sourceTree = "<group>"; };
		1DDD582B0DA1D0D100B32029 /* English */ = {isa = PBXFileReference; lastKnownFileType = file.xib; name = English; path = English.lproj/MainMenu.xib; sourceTree = "<group>"; };
		2A37F4ACFDCFA73011CA2CEA /* MyDocument.m */ = {isa = PBXFileReference; fileEncoding = 4; lastKnownFileType = sourcecode.c.objc; path = MyDocument.m; sourceTree = "<group>"; };
		2A37F4AEFDCFA73011CA2CEA /* MyDocument.h */ = {isa = PBXFileReference; fileEncoding = 4; lastKnownFileType = sourcecode.c.h; path = MyDocument.h; sourceTree = "<group>"; };
		2A37F4BAFDCFA73011CA2CEA /* English */ = {isa = PBXFileReference; lastKnownFileType = text.rtf; name = English; path = English.lproj/Credits.rtf; sourceTree = "<group>"; };
		2A37F4C4FDCFA73011CA2CEA /* AppKit.framework */ = {isa = PBXFileReference; lastKnownFileType = wrapper.framework; name = AppKit.framework; path = /System/Library/Frameworks/AppKit.framework; sourceTree = "<absolute>"; };
		2A37F4C5FDCFA73011CA2CEA /* Foundation.framework */ = {isa = PBXFileReference; lastKnownFileType = wrapper.framework; name = Foundation.framework; path = /System/Library/Frameworks/Foundation.framework; sourceTree = "<absolute>"; };
		32DBCF750370BD2300C91783 /* iRelayChat_Prefix.pch */ = {isa = PBXFileReference; fileEncoding = 4; lastKnownFileType = sourcecode.c.h; path = iRelayChat_Prefix.pch; sourceTree = "<group>"; };
		8D15AC360486D014006FF6A4 /* Info.plist */ = {isa = PBXFileReference; fileEncoding = 4; lastKnownFileType = text.plist.xml; name = Info.plist; path = ../Info.plist; sourceTree = "<group>"; };
		8D15AC370486D014006FF6A4 /* iRelayChat.app */ = {isa = PBXFileReference; explicitFileType = wrapper.application; includeInIndex = 0; path = iRelayChat.app; sourceTree = BUILT_PRODUCTS_DIR; };
		921442360DD61C6800A19EAF /* IRCChannelMessage.h */ = {isa = PBXFileReference; fileEncoding = 4; lastKnownFileType = sourcecode.c.h; path = IRCChannelMessage.h; sourceTree = "<group>"; };
		921442370DD61C6800A19EAF /* IRCChannelMessage.m */ = {isa = PBXFileReference; fileEncoding = 4; lastKnownFileType = sourcecode.c.objc; path = IRCChannelMessage.m; sourceTree = "<group>"; };
		9214424D0DD6274C00A19EAF /* RegexKit.framework */ = {isa = PBXFileReference; lastKnownFileType = wrapper.framework; name = RegexKit.framework; path = Local/Frameworks/RegexKit.framework; sourceTree = DEVELOPER_DIR; };
		921535F10DE1EBC50051B01A /* RegexKitDebug.h */ = {isa = PBXFileReference; fileEncoding = 4; lastKnownFileType = sourcecode.c.h; path = RegexKitDebug.h; sourceTree = "<group>"; };
		921535F20DE1EBC50051B01A /* RegexKitDebug.m */ = {isa = PBXFileReference; fileEncoding = 4; lastKnownFileType = sourcecode.c.objc; path = RegexKitDebug.m; sourceTree = "<group>"; };
		921536030DE1F0C40051B01A /* RegexKitDebug.xib */ = {isa = PBXFileReference; lastKnownFileType = file.xib; path = RegexKitDebug.xib; sourceTree = "<group>"; };
		921536090DE1F5920051B01A /* IRCServerDebug.h */ = {isa = PBXFileReference; fileEncoding = 4; lastKnownFileType = sourcecode.c.h; path = IRCServerDebug.h; sourceTree = "<group>"; };
		9215360A0DE1F5920051B01A /* IRCServerDebug.m */ = {isa = PBXFileReference; fileEncoding = 4; lastKnownFileType = sourcecode.c.objc; path = IRCServerDebug.m; sourceTree = "<group>"; };
		921536510DE1FCCF0051B01A /* IRCServerDebug.xib */ = {isa = PBXFileReference; lastKnownFileType = file.xib; path = IRCServerDebug.xib; sourceTree = "<group>"; };
		921536AC0DE213840051B01A /* IRCUserDebug.h */ = {isa = PBXFileReference; fileEncoding = 4; lastKnownFileType = sourcecode.c.h; path = IRCUserDebug.h; sourceTree = "<group>"; };
		921536AD0DE213840051B01A /* IRCUserDebug.m */ = {isa = PBXFileReference; fileEncoding = 4; lastKnownFileType = sourcecode.c.objc; path = IRCUserDebug.m; sourceTree = "<group>"; };
		921536C80DE217DB0051B01A /* IRCUserDebug.xib */ = {isa = PBXFileReference; lastKnownFileType = file.xib; path = IRCUserDebug.xib; sourceTree = "<group>"; };
		9224306C0DD1E912005FF883 /* IRCUserMode.h */ = {isa = PBXFileReference; fileEncoding = 4; lastKnownFileType = sourcecode.c.h; path = IRCUserMode.h; sourceTree = "<group>"; };
		9224306D0DD1E912005FF883 /* IRCUserMode.m */ = {isa = PBXFileReference; fileEncoding = 4; lastKnownFileType = sourcecode.c.objc; path = IRCUserMode.m; sourceTree = "<group>"; };
		922430CE0DD1F732005FF883 /* green.tiff */ = {isa = PBXFileReference; lastKnownFileType = image.tiff; path = green.tiff; sourceTree = "<group>"; };
		922430CF0DD1F732005FF883 /* red.tiff */ = {isa = PBXFileReference; lastKnownFileType = image.tiff; path = red.tiff; sourceTree = "<group>"; };
		922430FC0DD1FD8A005FF883 /* yellow.tiff */ = {isa = PBXFileReference; lastKnownFileType = image.tiff; path = yellow.tiff; sourceTree = "<group>"; };
		926705380DCF31C800E5D085 /* IRCUser.h */ = {isa = PBXFileReference; fileEncoding = 4; lastKnownFileType = sourcecode.c.h; path = IRCUser.h; sourceTree = "<group>"; };
		926705390DCF31C800E5D085 /* IRCUser.m */ = {isa = PBXFileReference; fileEncoding = 4; lastKnownFileType = sourcecode.c.objc; path = IRCUser.m; sourceTree = "<group>"; };
		926AAC270DD9E83B00E1794E /* ScreenSaver.framework */ = {isa = PBXFileReference; lastKnownFileType = wrapper.framework; name = ScreenSaver.framework; path = /System/Library/Frameworks/ScreenSaver.framework; sourceTree = "<absolute>"; };
		92911F270DD71DBA009C2C16 /* IRCMeUser.h */ = {isa = PBXFileReference; fileEncoding = 4; lastKnownFileType = sourcecode.c.h; path = IRCMeUser.h; sourceTree = "<group>"; };
		92911F280DD71DBA009C2C16 /* IRCMeUser.m */ = {isa = PBXFileReference; fileEncoding = 4; lastKnownFileType = sourcecode.c.objc; path = IRCMeUser.m; sourceTree = "<group>"; };
		9294743D0DCC63EC0022A391 /* WebKit.framework */ = {isa = PBXFileReference; lastKnownFileType = wrapper.framework; name = WebKit.framework; path = /System/Library/Frameworks/WebKit.framework; sourceTree = "<absolute>"; };
		9296F5E40DE046CB008F323E /* main.m */ = {isa = PBXFileReference; fileEncoding = 4; lastKnownFileType = sourcecode.c.objc; name = main.m; path = Sources/main.m; sourceTree = "<group>"; };
		9298CC550DD841D700023EBE /* DebugWindow.xib */ = {isa = PBXFileReference; lastKnownFileType = file.xib; path = DebugWindow.xib; sourceTree = "<group>"; };
		9298CC590DD8459600023EBE /* DebugWindow.h */ = {isa = PBXFileReference; fileEncoding = 4; lastKnownFileType = sourcecode.c.h; path = DebugWindow.h; sourceTree = "<group>"; };
		9298CC5A0DD8459600023EBE /* DebugWindow.m */ = {isa = PBXFileReference; fileEncoding = 4; lastKnownFileType = sourcecode.c.objc; path = DebugWindow.m; sourceTree = "<group>"; };
		9298CC970DD85BD500023EBE /* IRCProtocol.h */ = {isa = PBXFileReference; fileEncoding = 4; lastKnownFileType = sourcecode.c.h; path = IRCProtocol.h; sourceTree = "<group>"; };
		9298CC980DD85BD500023EBE /* IRCProtocol.m */ = {isa = PBXFileReference; fileEncoding = 4; lastKnownFileType = sourcecode.c.objc; path = IRCProtocol.m; sourceTree = "<group>"; };
		929F80100DE1BD1100263396 /* InternetRelayChat.h */ = {isa = PBXFileReference; fileEncoding = 4; lastKnownFileType = sourcecode.c.h; path = InternetRelayChat.h; sourceTree = "<group>"; };
		929F80110DE1BD1100263396 /* InternetRelayChat.m */ = {isa = PBXFileReference; fileEncoding = 4; lastKnownFileType = sourcecode.c.objc; path = InternetRelayChat.m; sourceTree = "<group>"; };
		929F80940DE1C10400263396 /* SS_PreferencePaneProtocol.h */ = {isa = PBXFileReference; fileEncoding = 4; lastKnownFileType = sourcecode.c.h; path = SS_PreferencePaneProtocol.h; sourceTree = "<group>"; };
		929F80950DE1C10400263396 /* SS_PrefsController.h */ = {isa = PBXFileReference; fileEncoding = 4; lastKnownFileType = sourcecode.c.h; path = SS_PrefsController.h; sourceTree = "<group>"; };
		929F80960DE1C10400263396 /* SS_PrefsController.m */ = {isa = PBXFileReference; fileEncoding = 4; lastKnownFileType = sourcecode.c.objc; path = SS_PrefsController.m; sourceTree = "<group>"; };
		929F809C0DE1C36900263396 /* Preferences.h */ = {isa = PBXFileReference; fileEncoding = 4; lastKnownFileType = sourcecode.c.h; path = Preferences.h; sourceTree = "<group>"; };
		929F809D0DE1C36900263396 /* Preferences.m */ = {isa = PBXFileReference; fileEncoding = 4; lastKnownFileType = sourcecode.c.objc; path = Preferences.m; sourceTree = "<group>"; };
		929F80A20DE1C46C00263396 /* PreferenceGeneral.h */ = {isa = PBXFileReference; fileEncoding = 4; lastKnownFileType = sourcecode.c.h; path = PreferenceGeneral.h; sourceTree = "<group>"; };
		929F80A30DE1C46C00263396 /* PreferenceGeneral.m */ = {isa = PBXFileReference; fileEncoding = 4; lastKnownFileType = sourcecode.c.objc; path = PreferenceGeneral.m; sourceTree = "<group>"; };
		929F80AA0DE1C52800263396 /* PreferenceGeneral.xib */ = {isa = PBXFileReference; lastKnownFileType = file.xib; path = PreferenceGeneral.xib; sourceTree = "<group>"; };
		92FD87500DCC78610024661C /* MessageViewController.h */ = {isa = PBXFileReference; fileEncoding = 4; lastKnownFileType = sourcecode.c.h; path = MessageViewController.h; sourceTree = "<group>"; };
		92FD87510DCC78610024661C /* MessageViewController.m */ = {isa = PBXFileReference; fileEncoding = 4; lastKnownFileType = sourcecode.c.objc; path = MessageViewController.m; sourceTree = "<group>"; };
		92FD87620DCC7CAF0024661C /* MessageTemplate.html */ = {isa = PBXFileReference; fileEncoding = 4; lastKnownFileType = text.html; path = MessageTemplate.html; sourceTree = "<group>"; };
		AA05E0B30DB785660018FBCC /* IRCServer.h */ = {isa = PBXFileReference; fileEncoding = 4; lastKnownFileType = sourcecode.c.h; path = IRCServer.h; sourceTree = "<group>"; };
		AA05E0B40DB785660018FBCC /* IRCServer.m */ = {isa = PBXFileReference; fileEncoding = 4; lastKnownFileType = sourcecode.c.objc; path = IRCServer.m; sourceTree = "<group>"; };
		AA05E1B90DB7DED80018FBCC /* IRCChannel.h */ = {isa = PBXFileReference; fileEncoding = 4; lastKnownFileType = sourcecode.c.h; path = IRCChannel.h; sourceTree = "<group>"; };
		AA05E1BA0DB7DED80018FBCC /* IRCChannel.m */ = {isa = PBXFileReference; fileEncoding = 4; lastKnownFileType = sourcecode.c.objc; path = IRCChannel.m; sourceTree = "<group>"; };
		AA3CC4980DCB117B002D70DC /* ChannelView.xib */ = {isa = PBXFileReference; lastKnownFileType = file.xib; path = ChannelView.xib; sourceTree = "<group>"; };
		AA3CC49C0DCB1465002D70DC /* ChannelView.h */ = {isa = PBXFileReference; fileEncoding = 4; lastKnownFileType = sourcecode.c.h; path = ChannelView.h; sourceTree = "<group>"; };
		AA3CC49D0DCB1465002D70DC /* ChannelView.m */ = {isa = PBXFileReference; fileEncoding = 4; lastKnownFileType = sourcecode.c.objc; path = ChannelView.m; sourceTree = "<group>"; };
/* End PBXFileReference section */

/* Begin PBXFrameworksBuildPhase section */
		8D15AC330486D014006FF6A4 /* Frameworks */ = {
			isa = PBXFrameworksBuildPhase;
			buildActionMask = 2147483647;
			files = (
				8D15AC340486D014006FF6A4 /* Cocoa.framework in Frameworks */,
				9294743E0DCC63EC0022A391 /* WebKit.framework in Frameworks */,
				9214424E0DD6274C00A19EAF /* RegexKit.framework in Frameworks */,
				926AAC280DD9E83B00E1794E /* ScreenSaver.framework in Frameworks */,
			);
			runOnlyForDeploymentPostprocessing = 0;
		};
/* End PBXFrameworksBuildPhase section */

/* Begin PBXGroup section */
		1058C7A6FEA54F5311CA2CBB /* Linked Frameworks */ = {
			isa = PBXGroup;
			children = (
				1058C7A7FEA54F5311CA2CBB /* Cocoa.framework */,
			);
			name = "Linked Frameworks";
			sourceTree = "<group>";
		};
		1058C7A8FEA54F5311CA2CBB /* Other Frameworks */ = {
			isa = PBXGroup;
			children = (
				2A37F4C4FDCFA73011CA2CEA /* AppKit.framework */,
				13E42FBA07B3F13500E4EEF1 /* CoreData.framework */,
				2A37F4C5FDCFA73011CA2CEA /* Foundation.framework */,
			);
			name = "Other Frameworks";
			sourceTree = "<group>";
		};
		19C28FB0FE9D524F11CA2CBB /* Products */ = {
			isa = PBXGroup;
			children = (
				8D15AC370486D014006FF6A4 /* iRelayChat.app */,
			);
			name = Products;
			sourceTree = "<group>";
		};
		2A37F4AAFDCFA73011CA2CEA /* iRelayChat */ = {
			isa = PBXGroup;
			children = (
				929F80930DE1C0D100263396 /* SS_Preferences */,
				9296F5E60DE046FD008F323E /* Debug */,
				AA05E0B00DB784CC0018FBCC /* IRC */,
				2A37F4ABFDCFA73011CA2CEA /* Sources */,
				2A37F4AFFDCFA73011CA2CEA /* Other Sources */,
				2A37F4B8FDCFA73011CA2CEA /* Resources */,
				2A37F4C3FDCFA73011CA2CEA /* Frameworks */,
				19C28FB0FE9D524F11CA2CBB /* Products */,
			);
			name = iRelayChat;
			sourceTree = "<group>";
		};
		2A37F4ABFDCFA73011CA2CEA /* Sources */ = {
			isa = PBXGroup;
			children = (
				2A37F4AEFDCFA73011CA2CEA /* MyDocument.h */,
				2A37F4ACFDCFA73011CA2CEA /* MyDocument.m */,
				AA3CC49C0DCB1465002D70DC /* ChannelView.h */,
				AA3CC49D0DCB1465002D70DC /* ChannelView.m */,
				92FD87500DCC78610024661C /* MessageViewController.h */,
				92FD87510DCC78610024661C /* MessageViewController.m */,
				929F809C0DE1C36900263396 /* Preferences.h */,
				929F809D0DE1C36900263396 /* Preferences.m */,
				929F80A20DE1C46C00263396 /* PreferenceGeneral.h */,
				929F80A30DE1C46C00263396 /* PreferenceGeneral.m */,
			);
			path = Sources;
			sourceTree = "<group>";
		};
		2A37F4AFFDCFA73011CA2CEA /* Other Sources */ = {
			isa = PBXGroup;
			children = (
				9296F5E40DE046CB008F323E /* main.m */,
				32DBCF750370BD2300C91783 /* iRelayChat_Prefix.pch */,
			);
			name = "Other Sources";
			sourceTree = "<group>";
		};
		2A37F4B8FDCFA73011CA2CEA /* Resources */ = {
			isa = PBXGroup;
			children = (
				922430FC0DD1FD8A005FF883 /* yellow.tiff */,
				922430CE0DD1F732005FF883 /* green.tiff */,
				922430CF0DD1F732005FF883 /* red.tiff */,
				2A37F4B9FDCFA73011CA2CEA /* Credits.rtf */,
				8D15AC360486D014006FF6A4 /* Info.plist */,
				089C165FFE840EACC02AAC07 /* InfoPlist.strings */,
				1DDD58280DA1D0D100B32029 /* MyDocument.xib */,
				1DDD582A0DA1D0D100B32029 /* MainMenu.xib */,
				AA3CC4980DCB117B002D70DC /* ChannelView.xib */,
				92FD87620DCC7CAF0024661C /* MessageTemplate.html */,
				9298CC550DD841D700023EBE /* DebugWindow.xib */,
				929F80AA0DE1C52800263396 /* PreferenceGeneral.xib */,
				921536030DE1F0C40051B01A /* RegexKitDebug.xib */,
				921536510DE1FCCF0051B01A /* IRCServerDebug.xib */,
				921536C80DE217DB0051B01A /* IRCUserDebug.xib */,
			);
			path = Resources;
			sourceTree = "<group>";
		};
		2A37F4C3FDCFA73011CA2CEA /* Frameworks */ = {
			isa = PBXGroup;
			children = (
				926AAC270DD9E83B00E1794E /* ScreenSaver.framework */,
				9214424D0DD6274C00A19EAF /* RegexKit.framework */,
				9294743D0DCC63EC0022A391 /* WebKit.framework */,
				1058C7A6FEA54F5311CA2CBB /* Linked Frameworks */,
				1058C7A8FEA54F5311CA2CBB /* Other Frameworks */,
			);
			name = Frameworks;
			sourceTree = "<group>";
		};
		9296F5E60DE046FD008F323E /* Debug */ = {
			isa = PBXGroup;
			children = (
				9298CC590DD8459600023EBE /* DebugWindow.h */,
				9298CC5A0DD8459600023EBE /* DebugWindow.m */,
				921535F10DE1EBC50051B01A /* RegexKitDebug.h */,
				921535F20DE1EBC50051B01A /* RegexKitDebug.m */,
				921536090DE1F5920051B01A /* IRCServerDebug.h */,
				9215360A0DE1F5920051B01A /* IRCServerDebug.m */,
				921536AC0DE213840051B01A /* IRCUserDebug.h */,
				921536AD0DE213840051B01A /* IRCUserDebug.m */,
			);
			name = Debug;
			path = Sources/Debug;
			sourceTree = "<group>";
		};
		929F80930DE1C0D100263396 /* SS_Preferences */ = {
			isa = PBXGroup;
			children = (
				929F80940DE1C10400263396 /* SS_PreferencePaneProtocol.h */,
				929F80950DE1C10400263396 /* SS_PrefsController.h */,
				929F80960DE1C10400263396 /* SS_PrefsController.m */,
			);
			name = SS_Preferences;
			sourceTree = "<group>";
		};
		AA05E0B00DB784CC0018FBCC /* IRC */ = {
			isa = PBXGroup;
			children = (
				AA05E0B30DB785660018FBCC /* IRCServer.h */,
				AA05E0B40DB785660018FBCC /* IRCServer.m */,
				AA05E1B90DB7DED80018FBCC /* IRCChannel.h */,
				AA05E1BA0DB7DED80018FBCC /* IRCChannel.m */,
				926705380DCF31C800E5D085 /* IRCUser.h */,
				926705390DCF31C800E5D085 /* IRCUser.m */,
				9224306C0DD1E912005FF883 /* IRCUserMode.h */,
				9224306D0DD1E912005FF883 /* IRCUserMode.m */,
				921442360DD61C6800A19EAF /* IRCChannelMessage.h */,
				921442370DD61C6800A19EAF /* IRCChannelMessage.m */,
				92911F270DD71DBA009C2C16 /* IRCMeUser.h */,
				92911F280DD71DBA009C2C16 /* IRCMeUser.m */,
				9298CC970DD85BD500023EBE /* IRCProtocol.h */,
				9298CC980DD85BD500023EBE /* IRCProtocol.m */,
				929F80100DE1BD1100263396 /* InternetRelayChat.h */,
				929F80110DE1BD1100263396 /* InternetRelayChat.m */,
			);
			name = IRC;
			path = Sources/IRC;
			sourceTree = "<group>";
		};
/* End PBXGroup section */

/* Begin PBXNativeTarget section */
		8D15AC270486D014006FF6A4 /* iRelayChat */ = {
			isa = PBXNativeTarget;
			buildConfigurationList = C05733C708A9546B00998B17 /* Build configuration list for PBXNativeTarget "iRelayChat" */;
			buildPhases = (
				8D15AC2B0486D014006FF6A4 /* Resources */,
				8D15AC300486D014006FF6A4 /* Sources */,
				8D15AC330486D014006FF6A4 /* Frameworks */,
				921442580DD6277A00A19EAF /* CopyFiles */,
			);
			buildRules = (
			);
			dependencies = (
			);
			name = iRelayChat;
			productInstallPath = "$(HOME)/Applications";
			productName = iRelayChat;
			productReference = 8D15AC370486D014006FF6A4 /* iRelayChat.app */;
			productType = "com.apple.product-type.application";
		};
/* End PBXNativeTarget section */

/* Begin PBXProject section */
		2A37F4A9FDCFA73011CA2CEA /* Project object */ = {
			isa = PBXProject;
			attributes = {
				BuildIndependentTargetsInParallel = YES;
			};
			buildConfigurationList = C05733CB08A9546B00998B17 /* Build configuration list for PBXProject "iRelayChat" */;
			compatibilityVersion = "Xcode 3.0";
			hasScannedForEncodings = 1;
			mainGroup = 2A37F4AAFDCFA73011CA2CEA /* iRelayChat */;
			projectDirPath = "";
			projectRoot = "";
			targets = (
				8D15AC270486D014006FF6A4 /* iRelayChat */,
			);
		};
/* End PBXProject section */

/* Begin PBXResourcesBuildPhase section */
		8D15AC2B0486D014006FF6A4 /* Resources */ = {
			isa = PBXResourcesBuildPhase;
			buildActionMask = 2147483647;
			files = (
				8D15AC2C0486D014006FF6A4 /* Credits.rtf in Resources */,
				8D15AC2F0486D014006FF6A4 /* InfoPlist.strings in Resources */,
				1DDD582C0DA1D0D100B32029 /* MyDocument.xib in Resources */,
				1DDD582D0DA1D0D100B32029 /* MainMenu.xib in Resources */,
				AA3CC4990DCB117B002D70DC /* ChannelView.xib in Resources */,
				92FD87630DCC7CAF0024661C /* MessageTemplate.html in Resources */,
				922430D00DD1F732005FF883 /* green.tiff in Resources */,
				922430D10DD1F732005FF883 /* red.tiff in Resources */,
				922430FD0DD1FD8A005FF883 /* yellow.tiff in Resources */,
				9298CC560DD841D700023EBE /* DebugWindow.xib in Resources */,
				929F80AB0DE1C52800263396 /* PreferenceGeneral.xib in Resources */,
				921536040DE1F0C40051B01A /* RegexKitDebug.xib in Resources */,
				921536520DE1FCCF0051B01A /* IRCServerDebug.xib in Resources */,
				921536C90DE217DB0051B01A /* IRCUserDebug.xib in Resources */,
			);
			runOnlyForDeploymentPostprocessing = 0;
		};
/* End PBXResourcesBuildPhase section */

/* Begin PBXSourcesBuildPhase section */
		8D15AC300486D014006FF6A4 /* Sources */ = {
			isa = PBXSourcesBuildPhase;
			buildActionMask = 2147483647;
			files = (
				8D15AC310486D014006FF6A4 /* MyDocument.m in Sources */,
				AA05E0B50DB785660018FBCC /* IRCServer.m in Sources */,
				AA05E1BB0DB7DED80018FBCC /* IRCChannel.m in Sources */,
				AA3CC49E0DCB1465002D70DC /* ChannelView.m in Sources */,
				92FD87520DCC78610024661C /* MessageViewController.m in Sources */,
				9267053A0DCF31C800E5D085 /* IRCUser.m in Sources */,
				922430890DD1EBE2005FF883 /* IRCUserMode.m in Sources */,
				921442380DD61C6800A19EAF /* IRCChannelMessage.m in Sources */,
				92911F290DD71DBA009C2C16 /* IRCMeUser.m in Sources */,
				9298CC5B0DD8459600023EBE /* DebugWindow.m in Sources */,
				9298CC990DD85BD500023EBE /* IRCProtocol.m in Sources */,
				9296F5E50DE046CB008F323E /* main.m in Sources */,
				929F80120DE1BD1100263396 /* InternetRelayChat.m in Sources */,
				929F80970DE1C10400263396 /* SS_PrefsController.m in Sources */,
				929F809E0DE1C36900263396 /* Preferences.m in Sources */,
				929F80A40DE1C46C00263396 /* PreferenceGeneral.m in Sources */,
				921535F30DE1EBC50051B01A /* RegexKitDebug.m in Sources */,
				9215360B0DE1F5920051B01A /* IRCServerDebug.m in Sources */,
				921536AE0DE213840051B01A /* IRCUserDebug.m in Sources */,
			);
			runOnlyForDeploymentPostprocessing = 0;
		};
/* End PBXSourcesBuildPhase section */

/* Begin PBXVariantGroup section */
		089C165FFE840EACC02AAC07 /* InfoPlist.strings */ = {
			isa = PBXVariantGroup;
			children = (
				089C1660FE840EACC02AAC07 /* English */,
			);
			name = InfoPlist.strings;
			sourceTree = "<group>";
		};
		1DDD58280DA1D0D100B32029 /* MyDocument.xib */ = {
			isa = PBXVariantGroup;
			children = (
				1DDD58290DA1D0D100B32029 /* English */,
			);
			name = MyDocument.xib;
			sourceTree = "<group>";
		};
		1DDD582A0DA1D0D100B32029 /* MainMenu.xib */ = {
			isa = PBXVariantGroup;
			children = (
				1DDD582B0DA1D0D100B32029 /* English */,
			);
			name = MainMenu.xib;
			sourceTree = "<group>";
		};
		2A37F4B9FDCFA73011CA2CEA /* Credits.rtf */ = {
			isa = PBXVariantGroup;
			children = (
				2A37F4BAFDCFA73011CA2CEA /* English */,
			);
			name = Credits.rtf;
			sourceTree = "<group>";
		};
/* End PBXVariantGroup section */

/* Begin XCBuildConfiguration section */
		C05733C808A9546B00998B17 /* Debug */ = {
			isa = XCBuildConfiguration;
			buildSettings = {
				ALWAYS_SEARCH_USER_PATHS = NO;
				ARCHS = "$(ARCHS_STANDARD_32_BIT_PRE_XCODE_3_1)";
				ARCHS_STANDARD_32_BIT_PRE_XCODE_3_1 = "ppc i386";
				COPY_PHASE_STRIP = NO;
				FRAMEWORK_SEARCH_PATHS = (
					"$(inherited)",
					"\"$(DEVELOPER_DIR)/Local/Frameworks\"",
				);
				GCC_DYNAMIC_NO_PIC = NO;
				GCC_ENABLE_FIX_AND_CONTINUE = YES;
				GCC_MODEL_TUNING = G5;
				GCC_OPTIMIZATION_LEVEL = 0;
				GCC_PRECOMPILE_PREFIX_HEADER = YES;
				GCC_PREFIX_HEADER = iRelayChat_Prefix.pch;
				INFOPLIST_FILE = Info.plist;
				INSTALL_PATH = "$(HOME)/Applications";
				PRODUCT_NAME = iRelayChat;
			};
			name = Debug;
		};
		C05733C908A9546B00998B17 /* Release */ = {
			isa = XCBuildConfiguration;
			buildSettings = {
				ALWAYS_SEARCH_USER_PATHS = NO;
				DEBUG_INFORMATION_FORMAT = "dwarf-with-dsym";
				FRAMEWORK_SEARCH_PATHS = (
					"$(inherited)",
					"\"$(DEVELOPER_DIR)/Local/Frameworks\"",
				);
				GCC_MODEL_TUNING = G5;
				GCC_PRECOMPILE_PREFIX_HEADER = YES;
				GCC_PREFIX_HEADER = iRelayChat_Prefix.pch;
				INFOPLIST_FILE = Info.plist;
				INSTALL_PATH = "$(HOME)/Applications";
				PRODUCT_NAME = iRelayChat;
			};
			name = Release;
		};
		C05733CC08A9546B00998B17 /* Debug */ = {
			isa = XCBuildConfiguration;
			buildSettings = {
				ALWAYS_SEARCH_USER_PATHS = NO;
				ARCHS = "$(ONLY_ACTIVE_ARCH_PRE_XCODE_3_1)";
				GCC_C_LANGUAGE_STANDARD = c99;
				GCC_OPTIMIZATION_LEVEL = 0;
				GCC_WARN_ABOUT_RETURN_TYPE = YES;
				GCC_WARN_UNUSED_VARIABLE = YES;
				ONLY_ACTIVE_ARCH_PRE_XCODE_3_1 = "$(NATIVE_ARCH)";
				OTHER_CFLAGS = "-fstack-protector-all";
				PREBINDING = NO;
				SDKROOT = "$(DEVELOPER_SDK_DIR)/MacOSX10.5.sdk";
			};
			name = Debug;
		};
		C05733CD08A9546B00998B17 /* Release */ = {
			isa = XCBuildConfiguration;
			buildSettings = {
				ALWAYS_SEARCH_USER_PATHS = NO;
				ARCHS = (
					i386,
					ppc,
				);
				GCC_C_LANGUAGE_STANDARD = c99;
				GCC_WARN_ABOUT_RETURN_TYPE = YES;
				GCC_WARN_UNUSED_VARIABLE = YES;
				OTHER_CFLAGS = "-fstack-protector-all";
				PREBINDING = NO;
				SDKROOT = "$(DEVELOPER_SDK_DIR)/MacOSX10.5.sdk";
			};
			name = Release;
		};
/* End XCBuildConfiguration section */

/* Begin XCConfigurationList section */
		C05733C708A9546B00998B17 /* Build configuration list for PBXNativeTarget "iRelayChat" */ = {
			isa = XCConfigurationList;
			buildConfigurations = (
				C05733C808A9546B00998B17 /* Debug */,
				C05733C908A9546B00998B17 /* Release */,
			);
			defaultConfigurationIsVisible = 0;
			defaultConfigurationName = Release;
		};
		C05733CB08A9546B00998B17 /* Build configuration list for PBXProject "iRelayChat" */ = {
			isa = XCConfigurationList;
			buildConfigurations = (
				C05733CC08A9546B00998B17 /* Debug */,
				C05733CD08A9546B00998B17 /* Release */,
			);
			defaultConfigurationIsVisible = 0;
			defaultConfigurationName = Release;
		};
/* End XCConfigurationList section */
	};
	rootObject = 2A37F4A9FDCFA73011CA2CEA /* Project object */;
}
